
Microsoft Visual Studio Solution File, Format Version 12.00
# Visual Studio Version 16
VisualStudioVersion = 16.0.31205.134
MinimumVisualStudioVersion = 10.0.40219.1
Project("{FAE04EC0-301F-11D3-BF4B-00C04F79EFBC}") = "Xamarin5Localization.Android", "Xamarin5Localization.Android\Xamarin5Localization.Android.csproj", "{30110221-CA13-4B46-B4F8-D0D180A3C821}"
EndProject
Project("{FAE04EC0-301F-11D3-BF4B-00C04F79EFBC}") = "Xamarin5Localization.iOS", "Xamarin5Localization.iOS\Xamarin5Localization.iOS.csproj", "{0BD87488-A184-4081-8A1C-53F7B6E22F16}"
EndProject
Project("{FAE04EC0-301F-11D3-BF4B-00C04F79EFBC}") = "Xamarin5Localization", "Xamarin5Localization\Xamarin5Localization.csproj", "{02A3DE2E-0755-41A5-89DA-6867E87DDCE4}"
EndProject
Global
	GlobalSection(SolutionConfigurationPlatforms) = preSolution
		Debug|Any CPU = Debug|Any CPU
		Debug|iPhone = Debug|iPhone
		Debug|iPhoneSimulator = Debug|iPhoneSimulator
		Release|Any CPU = Release|Any CPU
		Release|iPhone = Release|iPhone
		Release|iPhoneSimulator = Release|iPhoneSimulator
	EndGlobalSection
	GlobalSection(ProjectConfigurationPlatforms) = postSolution
		{30110221-CA13-4B46-B4F8-D0D180A3C821}.Debug|Any CPU.ActiveCfg = Debug|Any CPU
		{30110221-CA13-4B46-B4F8-D0D180A3C821}.Debug|Any CPU.Build.0 = Debug|Any CPU
		{30110221-CA13-4B46-B4F8-D0D180A3C821}.Debug|Any CPU.Deploy.0 = Debug|Any CPU
		{30110221-CA13-4B46-B4F8-D0D180A3C821}.Debug|iPhone.ActiveCfg = Debug|Any CPU
		{30110221-CA13-4B46-B4F8-D0D180A3C821}.Debug|iPhone.Build.0 = Debug|Any CPU
		{30110221-CA13-4B46-B4F8-D0D180A3C821}.Debug|iPhone.Deploy.0 = Debug|Any CPU
		{30110221-CA13-4B46-B4F8-D0D180A3C821}.Debug|iPhoneSimulator.ActiveCfg = Debug|Any CPU
		{30110221-CA13-4B46-B4F8-D0D180A3C821}.Debug|iPhoneSimulator.Build.0 = Debug|Any CPU
		{30110221-CA13-4B46-B4F8-D0D180A3C821}.Debug|iPhoneSimulator.Deploy.0 = Debug|Any CPU
		{30110221-CA13-4B46-B4F8-D0D180A3C821}.Release|Any CPU.ActiveCfg = Release|Any CPU
		{30110221-CA13-4B46-B4F8-D0D180A3C821}.Release|Any CPU.Build.0 = Release|Any CPU
		{30110221-CA13-4B46-B4F8-D0D180A3C821}.Release|Any CPU.Deploy.0 = Release|Any CPU
		{30110221-CA13-4B46-B4F8-D0D180A3C821}.Release|iPhone.ActiveCfg = Release|Any CPU
		{30110221-CA13-4B46-B4F8-D0D180A3C821}.Release|iPhone.Build.0 = Release|Any CPU
		{30110221-CA13-4B46-B4F8-D0D180A3C821}.Release|iPhone.Deploy.0 = Release|Any CPU
		{30110221-CA13-4B46-B4F8-D0D180A3C821}.Release|iPhoneSimulator.ActiveCfg = Release|Any CPU
		{30110221-CA13-4B46-B4F8-D0D180A3C821}.Release|iPhoneSimulator.Build.0 = Release|Any CPU
		{30110221-CA13-4B46-B4F8-D0D180A3C821}.Release|iPhoneSimulator.Deploy.0 = Release|Any CPU
		{0BD87488-A184-4081-8A1C-53F7B6E22F16}.Debug|Any CPU.ActiveCfg = Debug|iPhone
		{0BD87488-A184-4081-8A1C-53F7B6E22F16}.Debug|Any CPU.Build.0 = Debug|iPhone
		{0BD87488-A184-4081-8A1C-53F7B6E22F16}.Debug|Any CPU.Deploy.0 = Debug|iPhone
		{0BD87488-A184-4081-8A1C-53F7B6E22F16}.Debug|iPhone.ActiveCfg = Debug|iPhone
		{0BD87488-A184-4081-8A1C-53F7B6E22F16}.Debug|iPhone.Build.0 = Debug|iPhone
		{0BD87488-A184-4081-8A1C-53F7B6E22F16}.Debug|iPhone.Deploy.0 = Debug|iPhone
		{0BD87488-A184-4081-8A1C-53F7B6E22F16}.Debug|iPhoneSimulator.ActiveCfg = Debug|iPhoneSimulator
		{0BD87488-A184-4081-8A1C-53F7B6E22F16}.Debug|iPhoneSimulator.Build.0 = Debug|iPhoneSimulator
		{0BD87488-A184-4081-8A1C-53F7B6E22F16}.Debug|iPhoneSimulator.Deploy.0 = Debug|iPhoneSimulator
		{0BD87488-A184-4081-8A1C-53F7B6E22F16}.Release|Any CPU.ActiveCfg = Release|iPhoneSimulator
		{0BD87488-A184-4081-8A1C-53F7B6E22F16}.Release|Any CPU.Build.0 = Release|iPhoneSimulator
		{0BD87488-A184-4081-8A1C-53F7B6E22F16}.Release|Any CPU.Deploy.0 = Release|iPhoneSimulator
		{0BD87488-A184-4081-8A1C-53F7B6E22F16}.Release|iPhone.ActiveCfg = Release|iPhone
		{0BD87488-A184-4081-8A1C-53F7B6E22F16}.Release|iPhone.Build.0 = Release|iPhone
		{0BD87488-A184-4081-8A1C-53F7B6E22F16}.Release|iPhone.Deploy.0 = Release|iPhone
		{0BD87488-A184-4081-8A1C-53F7B6E22F16}.Release|iPhoneSimulator.ActiveCfg = Release|iPhoneSimulator
		{0BD87488-A184-4081-8A1C-53F7B6E22F16}.Release|iPhoneSimulator.Build.0 = Release|iPhoneSimulator
		{0BD87488-A184-4081-8A1C-53F7B6E22F16}.Release|iPhoneSimulator.Deploy.0 = Release|iPhoneSimulator
		{02A3DE2E-0755-41A5-89DA-6867E87DDCE4}.Debug|Any CPU.ActiveCfg = Debug|Any CPU
		{02A3DE2E-0755-41A5-89DA-6867E87DDCE4}.Debug|Any CPU.Build.0 = Debug|Any CPU
		{02A3DE2E-0755-41A5-89DA-6867E87DDCE4}.Debug|Any CPU.Deploy.0 = Debug|Any CPU
		{02A3DE2E-0755-41A5-89DA-6867E87DDCE4}.Debug|iPhone.ActiveCfg = Debug|Any CPU
		{02A3DE2E-0755-41A5-89DA-6867E87DDCE4}.Debug|iPhone.Build.0 = Debug|Any CPU
		{02A3DE2E-0755-41A5-89DA-6867E87DDCE4}.Debug|iPhone.Deploy.0 = Debug|Any CPU
		{02A3DE2E-0755-41A5-89DA-6867E87DDCE4}.Debug|iPhoneSimulator.ActiveCfg = Debug|Any CPU
		{02A3DE2E-0755-41A5-89DA-6867E87DDCE4}.Debug|iPhoneSimulator.Build.0 = Debug|Any CPU
		{02A3DE2E-0755-41A5-89DA-6867E87DDCE4}.Debug|iPhoneSimulator.Deploy.0 = Debug|Any CPU
		{02A3DE2E-0755-41A5-89DA-6867E87DDCE4}.Release|Any CPU.ActiveCfg = Release|Any CPU
		{02A3DE2E-0755-41A5-89DA-6867E87DDCE4}.Release|Any CPU.Build.0 = Release|Any CPU
		{02A3DE2E-0755-41A5-89DA-6867E87DDCE4}.Release|Any CPU.Deploy.0 = Release|Any CPU
		{02A3DE2E-0755-41A5-89DA-6867E87DDCE4}.Release|iPhone.ActiveCfg = Release|Any CPU
		{02A3DE2E-0755-41A5-89DA-6867E87DDCE4}.Release|iPhone.Build.0 = Release|Any CPU
		{02A3DE2E-0755-41A5-89DA-6867E87DDCE4}.Release|iPhone.Deploy.0 = Release|Any CPU
		{02A3DE2E-0755-41A5-89DA-6867E87DDCE4}.Release|iPhoneSimulator.ActiveCfg = Release|Any CPU
		{02A3DE2E-0755-41A5-89DA-6867E87DDCE4}.Release|iPhoneSimulator.Build.0 = Release|Any CPU
		{02A3DE2E-0755-41A5-89DA-6867E87DDCE4}.Release|iPhoneSimulator.Deploy.0 = Release|Any CPU
	EndGlobalSection
	GlobalSection(SolutionProperties) = preSolution
		HideSolutionNode = FALSE
	EndGlobalSection
	GlobalSection(ExtensibilityGlobals) = postSolution
		SolutionGuid = {A9C37188-5227-4380-9267-A549881D97C5}
	EndGlobalSection
EndGlobal
